
Microsoft Visual Studio Solution File, Format Version 12.00
# Visual Studio Version 17
VisualStudioVersion = 17.5.33414.496
MinimumVisualStudioVersion = 10.0.40219.1
Project("{FAE04EC0-301F-11D3-BF4B-00C04F79EFBC}") = "PR5_Dolinskaia_121", "PR5_Dolinskaia_121\PR5_Dolinskaia_121.csproj", "{ADB5E2D8-E607-44EF-AD51-F849380897ED}"
EndProject
Project("{FAE04EC0-301F-11D3-BF4B-00C04F79EFBC}") = "UnitTestProject1", "UnitTestProject1\UnitTestProject1.csproj", "{859AB1C6-8CBB-4CC4-9811-4E95EECB55F5}"
EndProject
Global
	GlobalSection(SolutionConfigurationPlatforms) = preSolution
		Debug|Any CPU = Debug|Any CPU
		Release|Any CPU = Release|Any CPU
	EndGlobalSection
	GlobalSection(ProjectConfigurationPlatforms) = postSolution
		{ADB5E2D8-E607-44EF-AD51-F849380897ED}.Debug|Any CPU.ActiveCfg = Debug|Any CPU
		{ADB5E2D8-E607-44EF-AD51-F849380897ED}.Debug|Any CPU.Build.0 = Debug|Any CPU
		{ADB5E2D8-E607-44EF-AD51-F849380897ED}.Release|Any CPU.ActiveCfg = Release|Any CPU
		{ADB5E2D8-E607-44EF-AD51-F849380897ED}.Release|Any CPU.Build.0 = Release|Any CPU
		{859AB1C6-8CBB-4CC4-9811-4E95EECB55F5}.Debug|Any CPU.ActiveCfg = Debug|Any CPU
		{859AB1C6-8CBB-4CC4-9811-4E95EECB55F5}.Debug|Any CPU.Build.0 = Debug|Any CPU
		{859AB1C6-8CBB-4CC4-9811-4E95EECB55F5}.Release|Any CPU.ActiveCfg = Release|Any CPU
		{859AB1C6-8CBB-4CC4-9811-4E95EECB55F5}.Release|Any CPU.Build.0 = Release|Any CPU
	EndGlobalSection
	GlobalSection(SolutionProperties) = preSolution
		HideSolutionNode = FALSE
	EndGlobalSection
	GlobalSection(ExtensibilityGlobals) = postSolution
		SolutionGuid = {6692E06A-2755-4A9A-A582-588EB7E4ADC4}
	EndGlobalSection
EndGlobal
